
Microsoft Visual Studio Solution File, Format Version 12.00
# Visual Studio 2012
Project("{FAE04EC0-301F-11D3-BF4B-00C04F79EFBC}") = "ABDiSE 2.0", "ABDiSE 2.0.csproj", "{004AEC46-6032-4C36-8F0C-EBF030ABE0C1}"
EndProject
Project("{FAE04EC0-301F-11D3-BF4B-00C04F79EFBC}") = "AgentDLL", "..\AgentDLL\AgentDLL.csproj", "{BF55ECA6-95B6-439B-B3D5-0F036B840B3C}"
EndProject
Global
	GlobalSection(SolutionConfigurationPlatforms) = preSolution
		Debug|Any CPU = Debug|Any CPU
		Release|Any CPU = Release|Any CPU
	EndGlobalSection
	GlobalSection(ProjectConfigurationPlatforms) = postSolution
		{004AEC46-6032-4C36-8F0C-EBF030ABE0C1}.Debug|Any CPU.ActiveCfg = Debug|Any CPU
		{004AEC46-6032-4C36-8F0C-EBF030ABE0C1}.Debug|Any CPU.Build.0 = Debug|Any CPU
		{004AEC46-6032-4C36-8F0C-EBF030ABE0C1}.Release|Any CPU.ActiveCfg = Release|Any CPU
		{004AEC46-6032-4C36-8F0C-EBF030ABE0C1}.Release|Any CPU.Build.0 = Release|Any CPU
		{BF55ECA6-95B6-439B-B3D5-0F036B840B3C}.Debug|Any CPU.ActiveCfg = Debug|Any CPU
		{BF55ECA6-95B6-439B-B3D5-0F036B840B3C}.Debug|Any CPU.Build.0 = Debug|Any CPU
		{BF55ECA6-95B6-439B-B3D5-0F036B840B3C}.Release|Any CPU.ActiveCfg = Release|Any CPU
		{BF55ECA6-95B6-439B-B3D5-0F036B840B3C}.Release|Any CPU.Build.0 = Release|Any CPU
	EndGlobalSection
	GlobalSection(SolutionProperties) = preSolution
		HideSolutionNode = FALSE
	EndGlobalSection
EndGlobal
